{
  "name": "package",
  "version": "1.0.0",
  "lockfileVersion": 1,
  "requires": true,
  "dependencies": {
    "npmworkshivamdubey": {
      "version": "1.0.0",
      "resolved": "https://registry.npmjs.org/npmworkshivamdubey/-/npmworkshivamdubey-1.0.0.tgz",
      "integrity": "sha512-xQcjv3kL1QKDGd/EToBpUI6KM3cs4auL9WtjLZY5Q03wtGubxGF5rqQMHps34LOmwSiF27Ym0nraNqg20sLKHg==",
      "dev": true
    }
  }
}
